// !$*UTF8*$!
{
	archiveVersion = 1;
	classes = {
	};
	objectVersion = 50;
	objects = {

/* Begin PBXBuildFile section */
		1F94BBC02468494F00B36F44 /* AppDelegate.swift in Sources */ = {isa = PBXBuildFile; fileRef = 1F94BBBF2468494F00B36F44 /* AppDelegate.swift */; };
		1F94BBC22468495000B36F44 /* SceneDelegate.swift in Sources */ = {isa = PBXBuildFile; fileRef = 1F94BBC12468495000B36F44 /* SceneDelegate.swift */; };
		1F94BBC42468495000B36F44 /* ViewController.swift in Sources */ = {isa = PBXBuildFile; fileRef = 1F94BBC32468495000B36F44 /* ViewController.swift */; };
		1F94BBC72468495000B36F44 /* Main.storyboard in Resources */ = {isa = PBXBuildFile; fileRef = 1F94BBC52468495000B36F44 /* Main.storyboard */; };
		1F94BBC92468495000B36F44 /* Assets.xcassets in Resources */ = {isa = PBXBuildFile; fileRef = 1F94BBC82468495000B36F44 /* Assets.xcassets */; };
		1F94BBCC2468495000B36F44 /* LaunchScreen.storyboard in Resources */ = {isa = PBXBuildFile; fileRef = 1F94BBCA2468495000B36F44 /* LaunchScreen.storyboard */; };
		1F94BBD72468495100B36F44 /* TipsTests.swift in Sources */ = {isa = PBXBuildFile; fileRef = 1F94BBD62468495100B36F44 /* TipsTests.swift */; };
		1F94BBE22468495100B36F44 /* TipsUITests.swift in Sources */ = {isa = PBXBuildFile; fileRef = 1F94BBE12468495100B36F44 /* TipsUITests.swift */; };
/* End PBXBuildFile section */

/* Begin PBXContainerItemProxy section */
		1F94BBD32468495100B36F44 /* PBXContainerItemProxy */ = {
			isa = PBXContainerItemProxy;
			containerPortal = 1F94BBB42468494F00B36F44 /* Project object */;
			proxyType = 1;
			remoteGlobalIDString = 1F94BBBB2468494F00B36F44;
			remoteInfo = Tips;
		};
		1F94BBDE2468495100B36F44 /* PBXContainerItemProxy */ = {
			isa = PBXContainerItemProxy;
			containerPortal = 1F94BBB42468494F00B36F44 /* Project object */;
			proxyType = 1;
			remoteGlobalIDString = 1F94BBBB2468494F00B36F44;
			remoteInfo = Tips;
		};
/* End PBXContainerItemProxy section */

/* Begin PBXFileReference section */
		1F94BBBC2468494F00B36F44 /* Tips.app */ = {isa = PBXFileReference; explicitFileType = wrapper.application; includeInIndex = 0; path = Tips.app; sourceTree = BUILT_PRODUCTS_DIR; };
		1F94BBBF2468494F00B36F44 /* AppDelegate.swift */ = {isa = PBXFileReference; lastKnownFileType = sourcecode.swift; path = AppDelegate.swift; sourceTree = "<group>"; };
		1F94BBC12468495000B36F44 /* SceneDelegate.swift */ = {isa = PBXFileReference; lastKnownFileType = sourcecode.swift; path = SceneDelegate.swift; sourceTree = "<group>"; };
		1F94BBC32468495000B36F44 /* ViewController.swift */ = {isa = PBXFileReference; lastKnownFileType = sourcecode.swift; path = ViewController.swift; sourceTree = "<group>"; };
		1F94BBC62468495000B36F44 /* Base */ = {isa = PBXFileReference; lastKnownFileType = file.storyboard; name = Base; path = Base.lproj/Main.storyboard; sourceTree = "<group>"; };
		1F94BBC82468495000B36F44 /* Assets.xcassets */ = {isa = PBXFileReference; lastKnownFileType = folder.assetcatalog; path = Assets.xcassets; sourceTree = "<group>"; };
		1F94BBCB2468495000B36F44 /* Base */ = {isa = PBXFileReference; lastKnownFileType = file.storyboard; name = Base; path = Base.lproj/LaunchScreen.storyboard; sourceTree = "<group>"; };
		1F94BBCD2468495000B36F44 /* Info.plist */ = {isa = PBXFileReference; lastKnownFileType = text.plist.xml; path = Info.plist; sourceTree = "<group>"; };
		1F94BBD22468495100B36F44 /* TipsTests.xctest */ = {isa = PBXFileReference; explicitFileType = wrapper.cfbundle; includeInIndex = 0; path = TipsTests.xctest; sourceTree = BUILT_PRODUCTS_DIR; };
		1F94BBD62468495100B36F44 /* TipsTests.swift */ = {isa = PBXFileReference; lastKnownFileType = sourcecode.swift; path = TipsTests.swift; sourceTree = "<group>"; };
		1F94BBD82468495100B36F44 /* Info.plist */ = {isa = PBXFileReference; lastKnownFileType = text.plist.xml; path = Info.plist; sourceTree = "<group>"; };
		1F94BBDD2468495100B36F44 /* TipsUITests.xctest */ = {isa = PBXFileReference; explicitFileType = wrapper.cfbundle; includeInIndex = 0; path = TipsUITests.xctest; sourceTree = BUILT_PRODUCTS_DIR; };
		1F94BBE12468495100B36F44 /* TipsUITests.swift */ = {isa = PBXFileReference; lastKnownFileType = sourcecode.swift; path = TipsUITests.swift; sourceTree = "<group>"; };
		1F94BBE32468495100B36F44 /* Info.plist */ = {isa = PBXFileReference; lastKnownFileType = text.plist.xml; path = Info.plist; sourceTree = "<group>"; };
/* End PBXFileReference section */

/* Begin PBXFrameworksBuildPhase section */
		1F94BBB92468494F00B36F44 /* Frameworks */ = {
			isa = PBXFrameworksBuildPhase;
			buildActionMask = 2147483647;
			files = (
			);
			runOnlyForDeploymentPostprocessing = 0;
		};
		1F94BBCF2468495100B36F44 /* Frameworks */ = {
			isa = PBXFrameworksBuildPhase;
			buildActionMask = 2147483647;
			files = (
			);
			runOnlyForDeploymentPostprocessing = 0;
		};
		1F94BBDA2468495100B36F44 /* Frameworks */ = {
			isa = PBXFrameworksBuildPhase;
			buildActionMask = 2147483647;
			files = (
			);
			runOnlyForDeploymentPostprocessing = 0;
		};
/* End PBXFrameworksBuildPhase section */

/* Begin PBXGroup section */
		1F94BBB32468494F00B36F44 = {
			isa = PBXGroup;
			children = (
				1F94BBBE2468494F00B36F44 /* Tips */,
				1F94BBD52468495100B36F44 /* TipsTests */,
				1F94BBE02468495100B36F44 /* TipsUITests */,
				1F94BBBD2468494F00B36F44 /* Products */,
			);
			sourceTree = "<group>";
		};
		1F94BBBD2468494F00B36F44 /* Products */ = {
			isa = PBXGroup;
			children = (
				1F94BBBC2468494F00B36F44 /* Tips.app */,
				1F94BBD22468495100B36F44 /* TipsTests.xctest */,
				1F94BBDD2468495100B36F44 /* TipsUITests.xctest */,
			);
			name = Products;
			sourceTree = "<group>";
		};
		1F94BBBE2468494F00B36F44 /* Tips */ = {
			isa = PBXGroup;
			children = (
				1F94BBBF2468494F00B36F44 /* AppDelegate.swift */,
				1F94BBC12468495000B36F44 /* SceneDelegate.swift */,
				1F94BBC32468495000B36F44 /* ViewController.swift */,
				1F94BBC52468495000B36F44 /* Main.storyboard */,
				1F94BBC82468495000B36F44 /* Assets.xcassets */,
				1F94BBCA2468495000B36F44 /* LaunchScreen.storyboard */,
				1F94BBCD2468495000B36F44 /* Info.plist */,
			);
			path = Tips;
			sourceTree = "<group>";
		};
		1F94BBD52468495100B36F44 /* TipsTests */ = {
			isa = PBXGroup;
			children = (
				1F94BBD62468495100B36F44 /* TipsTests.swift */,
				1F94BBD82468495100B36F44 /* Info.plist */,
			);
			path = TipsTests;
			sourceTree = "<group>";
		};
		1F94BBE02468495100B36F44 /* TipsUITests */ = {
			isa = PBXGroup;
			children = (
				1F94BBE12468495100B36F44 /* TipsUITests.swift */,
				1F94BBE32468495100B36F44 /* Info.plist */,
			);
			path = TipsUITests;
			sourceTree = "<group>";
		};
/* End PBXGroup section */

/* Begin PBXNativeTarget section */
		1F94BBBB2468494F00B36F44 /* Tips */ = {
			isa = PBXNativeTarget;
			buildConfigurationList = 1F94BBE62468495100B36F44 /* Build configuration list for PBXNativeTarget "Tips" */;
			buildPhases = (
				1F94BBB82468494F00B36F44 /* Sources */,
				1F94BBB92468494F00B36F44 /* Frameworks */,
				1F94BBBA2468494F00B36F44 /* Resources */,
			);
			buildRules = (
			);
			dependencies = (
			);
			name = Tips;
			productName = Tips;
			productReference = 1F94BBBC2468494F00B36F44 /* Tips.app */;
			productType = "com.apple.product-type.application";
		};
		1F94BBD12468495100B36F44 /* TipsTests */ = {
			isa = PBXNativeTarget;
			buildConfigurationList = 1F94BBE92468495100B36F44 /* Build configuration list for PBXNativeTarget "TipsTests" */;
			buildPhases = (
				1F94BBCE2468495100B36F44 /* Sources */,
				1F94BBCF2468495100B36F44 /* Frameworks */,
				1F94BBD02468495100B36F44 /* Resources */,
			);
			buildRules = (
			);
			dependencies = (
				1F94BBD42468495100B36F44 /* PBXTargetDependency */,
			);
			name = TipsTests;
			productName = TipsTests;
			productReference = 1F94BBD22468495100B36F44 /* TipsTests.xctest */;
			productType = "com.apple.product-type.bundle.unit-test";
		};
		1F94BBDC2468495100B36F44 /* TipsUITests */ = {
			isa = PBXNativeTarget;
			buildConfigurationList = 1F94BBEC2468495100B36F44 /* Build configuration list for PBXNativeTarget "TipsUITests" */;
			buildPhases = (
				1F94BBD92468495100B36F44 /* Sources */,
				1F94BBDA2468495100B36F44 /* Frameworks */,
				1F94BBDB2468495100B36F44 /* Resources */,
			);
			buildRules = (
			);
			dependencies = (
				1F94BBDF2468495100B36F44 /* PBXTargetDependency */,
			);
			name = TipsUITests;
			productName = TipsUITests;
			productReference = 1F94BBDD2468495100B36F44 /* TipsUITests.xctest */;
			productType = "com.apple.product-type.bundle.ui-testing";
		};
/* End PBXNativeTarget section */

/* Begin PBXProject section */
		1F94BBB42468494F00B36F44 /* Project object */ = {
			isa = PBXProject;
			attributes = {
				LastSwiftUpdateCheck = 1130;
				LastUpgradeCheck = 1130;
				ORGANIZATIONNAME = "Dhruv Patel";
				TargetAttributes = {
					1F94BBBB2468494F00B36F44 = {
						CreatedOnToolsVersion = 11.3.1;
					};
					1F94BBD12468495100B36F44 = {
						CreatedOnToolsVersion = 11.3.1;
						TestTargetID = 1F94BBBB2468494F00B36F44;
					};
					1F94BBDC2468495100B36F44 = {
						CreatedOnToolsVersion = 11.3.1;
						TestTargetID = 1F94BBBB2468494F00B36F44;
					};
				};
			};
			buildConfigurationList = 1F94BBB72468494F00B36F44 /* Build configuration list for PBXProject "Tips" */;
			compatibilityVersion = "Xcode 9.3";
			developmentRegion = en;
			hasScannedForEncodings = 0;
			knownRegions = (
				en,
				Base,
			);
			mainGroup = 1F94BBB32468494F00B36F44;
			productRefGroup = 1F94BBBD2468494F00B36F44 /* Products */;
			projectDirPath = "";
			projectRoot = "";
			targets = (
				1F94BBBB2468494F00B36F44 /* Tips */,
				1F94BBD12468495100B36F44 /* TipsTests */,
				1F94BBDC2468495100B36F44 /* TipsUITests */,
			);
		};
/* End PBXProject section */

/* Begin PBXResourcesBuildPhase section */
		1F94BBBA2468494F00B36F44 /* Resources */ = {
			isa = PBXResourcesBuildPhase;
			buildActionMask = 2147483647;
			files = (
				1F94BBCC2468495000B36F44 /* LaunchScreen.storyboard in Resources */,
				1F94BBC92468495000B36F44 /* Assets.xcassets in Resources */,
				1F94BBC72468495000B36F44 /* Main.storyboard in Resources */,
			);
			runOnlyForDeploymentPostprocessing = 0;
		};
		1F94BBD02468495100B36F44 /* Resources */ = {
			isa = PBXResourcesBuildPhase;
			buildActionMask = 2147483647;
			files = (
			);
			runOnlyForDeploymentPostprocessing = 0;
		};
		1F94BBDB2468495100B36F44 /* Resources */ = {
			isa = PBXResourcesBuildPhase;
			buildActionMask = 2147483647;
			files = (
			);
			runOnlyForDeploymentPostprocessing = 0;
		};
/* End PBXResourcesBuildPhase section */

/* Begin PBXSourcesBuildPhase section */
		1F94BBB82468494F00B36F44 /* Sources */ = {
			isa = PBXSourcesBuildPhase;
			buildActionMask = 2147483647;
			files = (
				1F94BBC42468495000B36F44 /* ViewController.swift in Sources */,
				1F94BBC02468494F00B36F44 /* AppDelegate.swift in Sources */,
				1F94BBC22468495000B36F44 /* SceneDelegate.swift in Sources */,
			);
			runOnlyForDeploymentPostprocessing = 0;
		};
		1F94BBCE2468495100B36F44 /* Sources */ = {
			isa = PBXSourcesBuildPhase;
			buildActionMask = 2147483647;
			files = (
				1F94BBD72468495100B36F44 /* TipsTests.swift in Sources */,
			);
			runOnlyForDeploymentPostprocessing = 0;
		};
		1F94BBD92468495100B36F44 /* Sources */ = {
			isa = PBXSourcesBuildPhase;
			buildActionMask = 2147483647;
			files = (
				1F94BBE22468495100B36F44 /* TipsUITests.swift in Sources */,
			);
			runOnlyForDeploymentPostprocessing = 0;
		};
/* End PBXSourcesBuildPhase section */

/* Begin PBXTargetDependency section */
		1F94BBD42468495100B36F44 /* PBXTargetDependency */ = {
			isa = PBXTargetDependency;
			target = 1F94BBBB2468494F00B36F44 /* Tips */;
			targetProxy = 1F94BBD32468495100B36F44 /* PBXContainerItemProxy */;
		};
		1F94BBDF2468495100B36F44 /* PBXTargetDependency */ = {
			isa = PBXTargetDependency;
			target = 1F94BBBB2468494F00B36F44 /* Tips */;
			targetProxy = 1F94BBDE2468495100B36F44 /* PBXContainerItemProxy */;
		};
/* End PBXTargetDependency section */

/* Begin PBXVariantGroup section */
		1F94BBC52468495000B36F44 /* Main.storyboard */ = {
			isa = PBXVariantGroup;
			children = (
				1F94BBC62468495000B36F44 /* Base */,
			);
			name = Main.storyboard;
			sourceTree = "<group>";
		};
		1F94BBCA2468495000B36F44 /* LaunchScreen.storyboard */ = {
			isa = PBXVariantGroup;
			children = (
				1F94BBCB2468495000B36F44 /* Base */,
			);
			name = LaunchScreen.storyboard;
			sourceTree = "<group>";
		};
/* End PBXVariantGroup section */

/* Begin XCBuildConfiguration section */
		1F94BBE42468495100B36F44 /* Debug */ = {
			isa = XCBuildConfiguration;
			buildSettings = {
				ALWAYS_SEARCH_USER_PATHS = NO;
				CLANG_ANALYZER_NONNULL = YES;
				CLANG_ANALYZER_NUMBER_OBJECT_CONVERSION = YES_AGGRESSIVE;
				CLANG_CXX_LANGUAGE_STANDARD = "gnu++14";
				CLANG_CXX_LIBRARY = "libc++";
				CLANG_ENABLE_MODULES = YES;
				CLANG_ENABLE_OBJC_ARC = YES;
				CLANG_ENABLE_OBJC_WEAK = YES;
				CLANG_WARN_BLOCK_CAPTURE_AUTORELEASING = YES;
				CLANG_WARN_BOOL_CONVERSION = YES;
				CLANG_WARN_COMMA = YES;
				CLANG_WARN_CONSTANT_CONVERSION = YES;
				CLANG_WARN_DEPRECATED_OBJC_IMPLEMENTATIONS = YES;
				CLANG_WARN_DIRECT_OBJC_ISA_USAGE = YES_ERROR;
				CLANG_WARN_DOCUMENTATION_COMMENTS = YES;
				CLANG_WARN_EMPTY_BODY = YES;
				CLANG_WARN_ENUM_CONVERSION = YES;
				CLANG_WARN_INFINITE_RECURSION = YES;
				CLANG_WARN_INT_CONVERSION = YES;
				CLANG_WARN_NON_LITERAL_NULL_CONVERSION = YES;
				CLANG_WARN_OBJC_IMPLICIT_RETAIN_SELF = YES;
				CLANG_WARN_OBJC_LITERAL_CONVERSION = YES;
				CLANG_WARN_OBJC_ROOT_CLASS = YES_ERROR;
				CLANG_WARN_RANGE_LOOP_ANALYSIS = YES;
				CLANG_WARN_STRICT_PROTOTYPES = YES;
				CLANG_WARN_SUSPICIOUS_MOVE = YES;
				CLANG_WARN_UNGUARDED_AVAILABILITY = YES_AGGRESSIVE;
				CLANG_WARN_UNREACHABLE_CODE = YES;
				CLANG_WARN__DUPLICATE_METHOD_MATCH = YES;
				COPY_PHASE_STRIP = NO;
				DEBUG_INFORMATION_FORMAT = dwarf;
				ENABLE_STRICT_OBJC_MSGSEND = YES;
				ENABLE_TESTABILITY = YES;
				GCC_C_LANGUAGE_STANDARD = gnu11;
				GCC_DYNAMIC_NO_PIC = NO;
				GCC_NO_COMMON_BLOCKS = YES;
				GCC_OPTIMIZATION_LEVEL = 0;
				GCC_PREPROCESSOR_DEFINITIONS = (
					"DEBUG=1",
					"$(inherited)",
				);
				GCC_WARN_64_TO_32_BIT_CONVERSION = YES;
				GCC_WARN_ABOUT_RETURN_TYPE = YES_ERROR;
				GCC_WARN_UNDECLARED_SELECTOR = YES;
				GCC_WARN_UNINITIALIZED_AUTOS = YES_AGGRESSIVE;
				GCC_WARN_UNUSED_FUNCTION = YES;
				GCC_WARN_UNUSED_VARIABLE = YES;
				IPHONEOS_DEPLOYMENT_TARGET = 13.2;
				MTL_ENABLE_DEBUG_INFO = INCLUDE_SOURCE;
				MTL_FAST_MATH = YES;
				ONLY_ACTIVE_ARCH = YES;
				SDKROOT = iphoneos;
				SWIFT_ACTIVE_COMPILATION_CONDITIONS = DEBUG;
				SWIFT_OPTIMIZATION_LEVEL = "-Onone";
			};
			name = Debug;
		};
		1F94BBE52468495100B36F44 /* Release */ = {
			isa = XCBuildConfiguration;
			buildSettings = {
				ALWAYS_SEARCH_USER_PATHS = NO;
				CLANG_ANALYZER_NONNULL = YES;
				CLANG_ANALYZER_NUMBER_OBJECT_CONVERSION = YES_AGGRESSIVE;
				CLANG_CXX_LANGUAGE_STANDARD = "gnu++14";
				CLANG_CXX_LIBRARY = "libc++";
				CLANG_ENABLE_MODULES = YES;
				CLANG_ENABLE_OBJC_ARC = YES;
				CLANG_ENABLE_OBJC_WEAK = YES;
				CLANG_WARN_BLOCK_CAPTURE_AUTORELEASING = YES;
				CLANG_WARN_BOOL_CONVERSION = YES;
				CLANG_WARN_COMMA = YES;
				CLANG_WARN_CONSTANT_CONVERSION = YES;
				CLANG_WARN_DEPRECATED_OBJC_IMPLEMENTATIONS = YES;
				CLANG_WARN_DIRECT_OBJC_ISA_USAGE = YES_ERROR;
				CLANG_WARN_DOCUMENTATION_COMMENTS = YES;
				CLANG_WARN_EMPTY_BODY = YES;
				CLANG_WARN_ENUM_CONVERSION = YES;
				CLANG_WARN_INFINITE_RECURSION = YES;
				CLANG_WARN_INT_CONVERSION = YES;
				CLANG_WARN_NON_LITERAL_NULL_CONVERSION = YES;
				CLANG_WARN_OBJC_IMPLICIT_RETAIN_SELF = YES;
				CLANG_WARN_OBJC_LITERAL_CONVERSION = YES;
				CLANG_WARN_OBJC_ROOT_CLASS = YES_ERROR;
				CLANG_WARN_RANGE_LOOP_ANALYSIS = YES;
				CLANG_WARN_STRICT_PROTOTYPES = YES;
				CLANG_WARN_SUSPICIOUS_MOVE = YES;
				CLANG_WARN_UNGUARDED_AVAILABILITY = YES_AGGRESSIVE;
				CLANG_WARN_UNREACHABLE_CODE = YES;
				CLANG_WARN__DUPLICATE_METHOD_MATCH = YES;
				COPY_PHASE_STRIP = NO;
				DEBUG_INFORMATION_FORMAT = "dwarf-with-dsym";
				ENABLE_NS_ASSERTIONS = NO;
				ENABLE_STRICT_OBJC_MSGSEND = YES;
				GCC_C_LANGUAGE_STANDARD = gnu11;
				GCC_NO_COMMON_BLOCKS = YES;
				GCC_WARN_64_TO_32_BIT_CONVERSION = YES;
				GCC_WARN_ABOUT_RETURN_TYPE = YES_ERROR;
				GCC_WARN_UNDECLARED_SELECTOR = YES;
				GCC_WARN_UNINITIALIZED_AUTOS = YES_AGGRESSIVE;
				GCC_WARN_UNUSED_FUNCTION = YES;
				GCC_WARN_UNUSED_VARIABLE = YES;
				IPHONEOS_DEPLOYMENT_TARGET = 13.2;
				MTL_ENABLE_DEBUG_INFO = NO;
				MTL_FAST_MATH = YES;
				SDKROOT = iphoneos;
				SWIFT_COMPILATION_MODE = wholemodule;
				SWIFT_OPTIMIZATION_LEVEL = "-O";
				VALIDATE_PRODUCT = YES;
			};
			name = Release;
		};
		1F94BBE72468495100B36F44 /* Debug */ = {
			isa = XCBuildConfiguration;
			buildSettings = {
				ASSETCATALOG_COMPILER_APPICON_NAME = AppIcon;
				CODE_SIGN_STYLE = Automatic;
				INFOPLIST_FILE = Tips/Info.plist;
				LD_RUNPATH_SEARCH_PATHS = (
					"$(inherited)",
					"@executable_path/Frameworks",
				);
				PRODUCT_BUNDLE_IDENTIFIER = com.dhruv.Tips;
				PRODUCT_NAME = "$(TARGET_NAME)";
				SWIFT_VERSION = 5.0;
				TARGETED_DEVICE_FAMILY = "1,2";
			};
			name = Debug;
		};
		1F94BBE82468495100B36F44 /* Release */ = {
			isa = XCBuildConfiguration;
			buildSettings = {
				ASSETCATALOG_COMPILER_APPICON_NAME = AppIcon;
				CODE_SIGN_STYLE = Automatic;
				INFOPLIST_FILE = Tips/Info.plist;
				LD_RUNPATH_SEARCH_PATHS = (
					"$(inherited)",
					"@executable_path/Frameworks",
				);
				PRODUCT_BUNDLE_IDENTIFIER = com.dhruv.Tips;
				PRODUCT_NAME = "$(TARGET_NAME)";
				SWIFT_VERSION = 5.0;
				TARGETED_DEVICE_FAMILY = "1,2";
			};
			name = Release;
		};
		1F94BBEA2468495100B36F44 /* Debug */ = {
			isa = XCBuildConfiguration;
			buildSettings = {
				ALWAYS_EMBED_SWIFT_STANDARD_LIBRARIES = YES;
				BUNDLE_LOADER = "$(TEST_HOST)";
				CODE_SIGN_STYLE = Automatic;
				INFOPLIST_FILE = TipsTests/Info.plist;
				IPHONEOS_DEPLOYMENT_TARGET = 13.2;
				LD_RUNPATH_SEARCH_PATHS = (
					"$(inherited)",
					"@executable_path/Frameworks",
					"@loader_path/Frameworks",
				);
				PRODUCT_BUNDLE_IDENTIFIER = com.dhruv.TipsTests;
				PRODUCT_NAME = "$(TARGET_NAME)";
				SWIFT_VERSION = 5.0;
				TARGETED_DEVICE_FAMILY = "1,2";
				TEST_HOST = "$(BUILT_PRODUCTS_DIR)/Tips.app/Tips";
			};
			name = Debug;
		};
		1F94BBEB2468495100B36F44 /* Release */ = {
			isa = XCBuildConfiguration;
			buildSettings = {
				ALWAYS_EMBED_SWIFT_STANDARD_LIBRARIES = YES;
				BUNDLE_LOADER = "$(TEST_HOST)";
				CODE_SIGN_STYLE = Automatic;
				INFOPLIST_FILE = TipsTests/Info.plist;
				IPHONEOS_DEPLOYMENT_TARGET = 13.2;
				LD_RUNPATH_SEARCH_PATHS = (
					"$(inherited)",
					"@executable_path/Frameworks",
					"@loader_path/Frameworks",
				);
				PRODUCT_BUNDLE_IDENTIFIER = com.dhruv.TipsTests;
				PRODUCT_NAME = "$(TARGET_NAME)";
				SWIFT_VERSION = 5.0;
				TARGETED_DEVICE_FAMILY = "1,2";
				TEST_HOST = "$(BUILT_PRODUCTS_DIR)/Tips.app/Tips";
			};
			name = Release;
		};
		1F94BBED2468495100B36F44 /* Debug */ = {
			isa = XCBuildConfiguration;
			buildSettings = {
				ALWAYS_EMBED_SWIFT_STANDARD_LIBRARIES = YES;
				CODE_SIGN_STYLE = Automatic;
				INFOPLIST_FILE = TipsUITests/Info.plist;
				LD_RUNPATH_SEARCH_PATHS = (
					"$(inherited)",
					"@executable_path/Frameworks",
					"@loader_path/Frameworks",
				);
				PRODUCT_BUNDLE_IDENTIFIER = com.dhruv.TipsUITests;
				PRODUCT_NAME = "$(TARGET_NAME)";
				SWIFT_VERSION = 5.0;
				TARGETED_DEVICE_FAMILY = "1,2";
				TEST_TARGET_NAME = Tips;
			};
			name = Debug;
		};
		1F94BBEE2468495100B36F44 /* Release */ = {
			isa = XCBuildConfiguration;
			buildSettings = {
				ALWAYS_EMBED_SWIFT_STANDARD_LIBRARIES = YES;
				CODE_SIGN_STYLE = Automatic;
				INFOPLIST_FILE = TipsUITests/Info.plist;
				LD_RUNPATH_SEARCH_PATHS = (
					"$(inherited)",
					"@executable_path/Frameworks",
					"@loader_path/Frameworks",
				);
				PRODUCT_BUNDLE_IDENTIFIER = com.dhruv.TipsUITests;
				PRODUCT_NAME = "$(TARGET_NAME)";
				SWIFT_VERSION = 5.0;
				TARGETED_DEVICE_FAMILY = "1,2";
				TEST_TARGET_NAME = Tips;
			};
			name = Release;
		};
/* End XCBuildConfiguration section */

/* Begin XCConfigurationList section */
		1F94BBB72468494F00B36F44 /* Build configuration list for PBXProject "Tips" */ = {
			isa = XCConfigurationList;
			buildConfigurations = (
				1F94BBE42468495100B36F44 /* Debug */,
				1F94BBE52468495100B36F44 /* Release */,
			);
			defaultConfigurationIsVisible = 0;
			defaultConfigurationName = Release;
		};
		1F94BBE62468495100B36F44 /* Build configuration list for PBXNativeTarget "Tips" */ = {
			isa = XCConfigurationList;
			buildConfigurations = (
				1F94BBE72468495100B36F44 /* Debug */,
				1F94BBE82468495100B36F44 /* Release */,
			);
			defaultConfigurationIsVisible = 0;
			defaultConfigurationName = Release;
		};
		1F94BBE92468495100B36F44 /* Build configuration list for PBXNativeTarget "TipsTests" */ = {
			isa = XCConfigurationList;
			buildConfigurations = (
				1F94BBEA2468495100B36F44 /* Debug */,
				1F94BBEB2468495100B36F44 /* Release */,
			);
			defaultConfigurationIsVisible = 0;
			defaultConfigurationName = Release;
		};
		1F94BBEC2468495100B36F44 /* Build configuration list for PBXNativeTarget "TipsUITests" */ = {
			isa = XCConfigurationList;
			buildConfigurations = (
				1F94BBED2468495100B36F44 /* Debug */,
				1F94BBEE2468495100B36F44 /* Release */,
			);
			defaultConfigurationIsVisible = 0;
			defaultConfigurationName = Release;
		};
/* End XCConfigurationList section */
	};
	rootObject = 1F94BBB42468494F00B36F44 /* Project object */;
}
